
Microsoft Visual Studio Solution File, Format Version 12.00
# Visual Studio Version 17
VisualStudioVersion = 17.7.34031.279
MinimumVisualStudioVersion = 10.0.40219.1
Project("{FAE04EC0-301F-11D3-BF4B-00C04F79EFBC}") = "CharlesAssesment", "CharlesAssesment\CharlesAssesment.csproj", "{724DF7F5-A4CF-45D9-B498-E6BC9840A7D0}"
EndProject
Global
	GlobalSection(SolutionConfigurationPlatforms) = preSolution
		Debug|Any CPU = Debug|Any CPU
		Release|Any CPU = Release|Any CPU
	EndGlobalSection
	GlobalSection(ProjectConfigurationPlatforms) = postSolution
		{724DF7F5-A4CF-45D9-B498-E6BC9840A7D0}.Debug|Any CPU.ActiveCfg = Debug|Any CPU
		{724DF7F5-A4CF-45D9-B498-E6BC9840A7D0}.Debug|Any CPU.Build.0 = Debug|Any CPU
		{724DF7F5-A4CF-45D9-B498-E6BC9840A7D0}.Release|Any CPU.ActiveCfg = Release|Any CPU
		{724DF7F5-A4CF-45D9-B498-E6BC9840A7D0}.Release|Any CPU.Build.0 = Release|Any CPU
	EndGlobalSection
	GlobalSection(SolutionProperties) = preSolution
		HideSolutionNode = FALSE
	EndGlobalSection
	GlobalSection(ExtensibilityGlobals) = postSolution
		SolutionGuid = {872A127A-5FD8-4095-97A7-F165BE3DE477}
	EndGlobalSection
EndGlobal
